
Microsoft Visual Studio Solution File, Format Version 12.00
# Visual Studio Version 16
VisualStudioVersion = 16.0.29806.167
MinimumVisualStudioVersion = 10.0.40219.1
Project("{8BC9CEB8-8B4A-11D0-8D11-00A0C91BC942}") = "Zero_kernel", "zero\zero.vcxproj", "{EBCE2872-FD24-4340-8F66-982F5256E174}"
EndProject
Project("{8BC9CEB8-8B4A-11D0-8D11-00A0C91BC942}") = "Zero_user", "Zero_user\Zero_user.vcxproj", "{184F02FA-F630-48D3-99E8-4BC46CA613C8}"
EndProject
Project("{8BC9CEB8-8B4A-11D0-8D11-00A0C91BC942}") = "sysmon_user", "sysmon_user\sysmon_user.vcxproj", "{83ED84DD-5546-4901-A894-D3F2CB631346}"
EndProject
Project("{8BC9CEB8-8B4A-11D0-8D11-00A0C91BC942}") = "sysmon_kernel", "sysmon\sysmon.vcxproj", "{31D2B421-42F7-4816-8ABC-D0ABDD2B5803}"
EndProject
Project("{8BC9CEB8-8B4A-11D0-8D11-00A0C91BC942}") = "PriorityBooster_kernel", "PriorityBooster\PriorityBooster.vcxproj", "{760D60D4-5BE6-43F1-B81A-CBF46C249036}"
EndProject
Project("{8BC9CEB8-8B4A-11D0-8D11-00A0C91BC942}") = "PriorityBooster_user", "booster\booster.vcxproj", "{D3C2322C-76BF-479D-AA12-E4613E1A3996}"
EndProject
Global
	GlobalSection(SolutionConfigurationPlatforms) = preSolution
		Debug|ARM = Debug|ARM
		Debug|ARM64 = Debug|ARM64
		Debug|x64 = Debug|x64
		Debug|x86 = Debug|x86
		Release|ARM = Release|ARM
		Release|ARM64 = Release|ARM64
		Release|x64 = Release|x64
		Release|x86 = Release|x86
	EndGlobalSection
	GlobalSection(ProjectConfigurationPlatforms) = postSolution
		{EBCE2872-FD24-4340-8F66-982F5256E174}.Debug|ARM.ActiveCfg = Debug|ARM
		{EBCE2872-FD24-4340-8F66-982F5256E174}.Debug|ARM.Build.0 = Debug|ARM
		{EBCE2872-FD24-4340-8F66-982F5256E174}.Debug|ARM.Deploy.0 = Debug|ARM
		{EBCE2872-FD24-4340-8F66-982F5256E174}.Debug|ARM64.ActiveCfg = Debug|ARM64
		{EBCE2872-FD24-4340-8F66-982F5256E174}.Debug|ARM64.Build.0 = Debug|ARM64
		{EBCE2872-FD24-4340-8F66-982F5256E174}.Debug|ARM64.Deploy.0 = Debug|ARM64
		{EBCE2872-FD24-4340-8F66-982F5256E174}.Debug|x64.ActiveCfg = Debug|x64
		{EBCE2872-FD24-4340-8F66-982F5256E174}.Debug|x64.Build.0 = Debug|x64
		{EBCE2872-FD24-4340-8F66-982F5256E174}.Debug|x64.Deploy.0 = Debug|x64
		{EBCE2872-FD24-4340-8F66-982F5256E174}.Debug|x86.ActiveCfg = Debug|Win32
		{EBCE2872-FD24-4340-8F66-982F5256E174}.Debug|x86.Build.0 = Debug|Win32
		{EBCE2872-FD24-4340-8F66-982F5256E174}.Debug|x86.Deploy.0 = Debug|Win32
		{EBCE2872-FD24-4340-8F66-982F5256E174}.Release|ARM.ActiveCfg = Release|ARM
		{EBCE2872-FD24-4340-8F66-982F5256E174}.Release|ARM.Build.0 = Release|ARM
		{EBCE2872-FD24-4340-8F66-982F5256E174}.Release|ARM.Deploy.0 = Release|ARM
		{EBCE2872-FD24-4340-8F66-982F5256E174}.Release|ARM64.ActiveCfg = Release|ARM64
		{EBCE2872-FD24-4340-8F66-982F5256E174}.Release|ARM64.Build.0 = Release|ARM64
		{EBCE2872-FD24-4340-8F66-982F5256E174}.Release|ARM64.Deploy.0 = Release|ARM64
		{EBCE2872-FD24-4340-8F66-982F5256E174}.Release|x64.ActiveCfg = Release|x64
		{EBCE2872-FD24-4340-8F66-982F5256E174}.Release|x64.Build.0 = Release|x64
		{EBCE2872-FD24-4340-8F66-982F5256E174}.Release|x64.Deploy.0 = Release|x64
		{EBCE2872-FD24-4340-8F66-982F5256E174}.Release|x86.ActiveCfg = Release|Win32
		{EBCE2872-FD24-4340-8F66-982F5256E174}.Release|x86.Build.0 = Release|Win32
		{EBCE2872-FD24-4340-8F66-982F5256E174}.Release|x86.Deploy.0 = Release|Win32
		{184F02FA-F630-48D3-99E8-4BC46CA613C8}.Debug|ARM.ActiveCfg = Debug|Win32
		{184F02FA-F630-48D3-99E8-4BC46CA613C8}.Debug|ARM64.ActiveCfg = Debug|Win32
		{184F02FA-F630-48D3-99E8-4BC46CA613C8}.Debug|x64.ActiveCfg = Debug|x64
		{184F02FA-F630-48D3-99E8-4BC46CA613C8}.Debug|x64.Build.0 = Debug|x64
		{184F02FA-F630-48D3-99E8-4BC46CA613C8}.Debug|x86.ActiveCfg = Debug|Win32
		{184F02FA-F630-48D3-99E8-4BC46CA613C8}.Debug|x86.Build.0 = Debug|Win32
		{184F02FA-F630-48D3-99E8-4BC46CA613C8}.Release|ARM.ActiveCfg = Release|Win32
		{184F02FA-F630-48D3-99E8-4BC46CA613C8}.Release|ARM64.ActiveCfg = Release|Win32
		{184F02FA-F630-48D3-99E8-4BC46CA613C8}.Release|x64.ActiveCfg = Release|x64
		{184F02FA-F630-48D3-99E8-4BC46CA613C8}.Release|x64.Build.0 = Release|x64
		{184F02FA-F630-48D3-99E8-4BC46CA613C8}.Release|x86.ActiveCfg = Release|Win32
		{184F02FA-F630-48D3-99E8-4BC46CA613C8}.Release|x86.Build.0 = Release|Win32
		{83ED84DD-5546-4901-A894-D3F2CB631346}.Debug|ARM.ActiveCfg = Debug|Win32
		{83ED84DD-5546-4901-A894-D3F2CB631346}.Debug|ARM64.ActiveCfg = Debug|Win32
		{83ED84DD-5546-4901-A894-D3F2CB631346}.Debug|x64.ActiveCfg = Debug|x64
		{83ED84DD-5546-4901-A894-D3F2CB631346}.Debug|x64.Build.0 = Debug|x64
		{83ED84DD-5546-4901-A894-D3F2CB631346}.Debug|x86.ActiveCfg = Debug|Win32
		{83ED84DD-5546-4901-A894-D3F2CB631346}.Debug|x86.Build.0 = Debug|Win32
		{83ED84DD-5546-4901-A894-D3F2CB631346}.Release|ARM.ActiveCfg = Release|Win32
		{83ED84DD-5546-4901-A894-D3F2CB631346}.Release|ARM64.ActiveCfg = Release|Win32
		{83ED84DD-5546-4901-A894-D3F2CB631346}.Release|x64.ActiveCfg = Release|x64
		{83ED84DD-5546-4901-A894-D3F2CB631346}.Release|x64.Build.0 = Release|x64
		{83ED84DD-5546-4901-A894-D3F2CB631346}.Release|x86.ActiveCfg = Release|Win32
		{83ED84DD-5546-4901-A894-D3F2CB631346}.Release|x86.Build.0 = Release|Win32
		{31D2B421-42F7-4816-8ABC-D0ABDD2B5803}.Debug|ARM.ActiveCfg = Debug|ARM
		{31D2B421-42F7-4816-8ABC-D0ABDD2B5803}.Debug|ARM.Build.0 = Debug|ARM
		{31D2B421-42F7-4816-8ABC-D0ABDD2B5803}.Debug|ARM.Deploy.0 = Debug|ARM
		{31D2B421-42F7-4816-8ABC-D0ABDD2B5803}.Debug|ARM64.ActiveCfg = Debug|ARM64
		{31D2B421-42F7-4816-8ABC-D0ABDD2B5803}.Debug|ARM64.Build.0 = Debug|ARM64
		{31D2B421-42F7-4816-8ABC-D0ABDD2B5803}.Debug|ARM64.Deploy.0 = Debug|ARM64
		{31D2B421-42F7-4816-8ABC-D0ABDD2B5803}.Debug|x64.ActiveCfg = Debug|x64
		{31D2B421-42F7-4816-8ABC-D0ABDD2B5803}.Debug|x64.Build.0 = Debug|x64
		{31D2B421-42F7-4816-8ABC-D0ABDD2B5803}.Debug|x64.Deploy.0 = Debug|x64
		{31D2B421-42F7-4816-8ABC-D0ABDD2B5803}.Debug|x86.ActiveCfg = Debug|Win32
		{31D2B421-42F7-4816-8ABC-D0ABDD2B5803}.Debug|x86.Build.0 = Debug|Win32
		{31D2B421-42F7-4816-8ABC-D0ABDD2B5803}.Debug|x86.Deploy.0 = Debug|Win32
		{31D2B421-42F7-4816-8ABC-D0ABDD2B5803}.Release|ARM.ActiveCfg = Release|ARM
		{31D2B421-42F7-4816-8ABC-D0ABDD2B5803}.Release|ARM.Build.0 = Release|ARM
		{31D2B421-42F7-4816-8ABC-D0ABDD2B5803}.Release|ARM.Deploy.0 = Release|ARM
		{31D2B421-42F7-4816-8ABC-D0ABDD2B5803}.Release|ARM64.ActiveCfg = Release|ARM64
		{31D2B421-42F7-4816-8ABC-D0ABDD2B5803}.Release|ARM64.Build.0 = Release|ARM64
		{31D2B421-42F7-4816-8ABC-D0ABDD2B5803}.Release|ARM64.Deploy.0 = Release|ARM64
		{31D2B421-42F7-4816-8ABC-D0ABDD2B5803}.Release|x64.ActiveCfg = Release|x64
		{31D2B421-42F7-4816-8ABC-D0ABDD2B5803}.Release|x64.Build.0 = Release|x64
		{31D2B421-42F7-4816-8ABC-D0ABDD2B5803}.Release|x64.Deploy.0 = Release|x64
		{31D2B421-42F7-4816-8ABC-D0ABDD2B5803}.Release|x86.ActiveCfg = Release|Win32
		{31D2B421-42F7-4816-8ABC-D0ABDD2B5803}.Release|x86.Build.0 = Release|Win32
		{31D2B421-42F7-4816-8ABC-D0ABDD2B5803}.Release|x86.Deploy.0 = Release|Win32
		{760D60D4-5BE6-43F1-B81A-CBF46C249036}.Debug|ARM.ActiveCfg = Debug|ARM
		{760D60D4-5BE6-43F1-B81A-CBF46C249036}.Debug|ARM.Build.0 = Debug|ARM
		{760D60D4-5BE6-43F1-B81A-CBF46C249036}.Debug|ARM.Deploy.0 = Debug|ARM
		{760D60D4-5BE6-43F1-B81A-CBF46C249036}.Debug|ARM64.ActiveCfg = Debug|ARM64
		{760D60D4-5BE6-43F1-B81A-CBF46C249036}.Debug|ARM64.Build.0 = Debug|ARM64
		{760D60D4-5BE6-43F1-B81A-CBF46C249036}.Debug|ARM64.Deploy.0 = Debug|ARM64
		{760D60D4-5BE6-43F1-B81A-CBF46C249036}.Debug|x64.ActiveCfg = Debug|x64
		{760D60D4-5BE6-43F1-B81A-CBF46C249036}.Debug|x64.Build.0 = Debug|x64
		{760D60D4-5BE6-43F1-B81A-CBF46C249036}.Debug|x64.Deploy.0 = Debug|x64
		{760D60D4-5BE6-43F1-B81A-CBF46C249036}.Debug|x86.ActiveCfg = Debug|Win32
		{760D60D4-5BE6-43F1-B81A-CBF46C249036}.Debug|x86.Build.0 = Debug|Win32
		{760D60D4-5BE6-43F1-B81A-CBF46C249036}.Debug|x86.Deploy.0 = Debug|Win32
		{760D60D4-5BE6-43F1-B81A-CBF46C249036}.Release|ARM.ActiveCfg = Release|ARM
		{760D60D4-5BE6-43F1-B81A-CBF46C249036}.Release|ARM.Build.0 = Release|ARM
		{760D60D4-5BE6-43F1-B81A-CBF46C249036}.Release|ARM.Deploy.0 = Release|ARM
		{760D60D4-5BE6-43F1-B81A-CBF46C249036}.Release|ARM64.ActiveCfg = Release|ARM64
		{760D60D4-5BE6-43F1-B81A-CBF46C249036}.Release|ARM64.Build.0 = Release|ARM64
		{760D60D4-5BE6-43F1-B81A-CBF46C249036}.Release|ARM64.Deploy.0 = Release|ARM64
		{760D60D4-5BE6-43F1-B81A-CBF46C249036}.Release|x64.ActiveCfg = Release|x64
		{760D60D4-5BE6-43F1-B81A-CBF46C249036}.Release|x64.Build.0 = Release|x64
		{760D60D4-5BE6-43F1-B81A-CBF46C249036}.Release|x64.Deploy.0 = Release|x64
		{760D60D4-5BE6-43F1-B81A-CBF46C249036}.Release|x86.ActiveCfg = Release|Win32
		{760D60D4-5BE6-43F1-B81A-CBF46C249036}.Release|x86.Build.0 = Release|Win32
		{760D60D4-5BE6-43F1-B81A-CBF46C249036}.Release|x86.Deploy.0 = Release|Win32
		{D3C2322C-76BF-479D-AA12-E4613E1A3996}.Debug|ARM.ActiveCfg = Debug|Win32
		{D3C2322C-76BF-479D-AA12-E4613E1A3996}.Debug|ARM64.ActiveCfg = Debug|Win32
		{D3C2322C-76BF-479D-AA12-E4613E1A3996}.Debug|x64.ActiveCfg = Debug|x64
		{D3C2322C-76BF-479D-AA12-E4613E1A3996}.Debug|x64.Build.0 = Debug|x64
		{D3C2322C-76BF-479D-AA12-E4613E1A3996}.Debug|x86.ActiveCfg = Debug|Win32
		{D3C2322C-76BF-479D-AA12-E4613E1A3996}.Debug|x86.Build.0 = Debug|Win32
		{D3C2322C-76BF-479D-AA12-E4613E1A3996}.Release|ARM.ActiveCfg = Release|Win32
		{D3C2322C-76BF-479D-AA12-E4613E1A3996}.Release|ARM64.ActiveCfg = Release|Win32
		{D3C2322C-76BF-479D-AA12-E4613E1A3996}.Release|x64.ActiveCfg = Release|x64
		{D3C2322C-76BF-479D-AA12-E4613E1A3996}.Release|x64.Build.0 = Release|x64
		{D3C2322C-76BF-479D-AA12-E4613E1A3996}.Release|x86.ActiveCfg = Release|Win32
		{D3C2322C-76BF-479D-AA12-E4613E1A3996}.Release|x86.Build.0 = Release|Win32
	EndGlobalSection
	GlobalSection(SolutionProperties) = preSolution
		HideSolutionNode = FALSE
	EndGlobalSection
	GlobalSection(ExtensibilityGlobals) = postSolution
		SolutionGuid = {4274A563-A896-4845-AA23-50BA8FF0E024}
	EndGlobalSection
EndGlobal
